{
	"name": "pastelfairy",
	"version": "0.0.1",
	"lockfileVersion": 2,
	"requires": true,
	"packages": {
		"": {
			"name": "pastelfairy",
			"version": "0.0.1",
			"dependencies": {
				"@ibm/plex": "^6.0.2"
			},
			"engines": {
				"vscode": "^1.69.0"
			}
		},
		"node_modules/@ibm/plex": {
			"version": "6.0.2",
			"resolved": "https://registry.npmjs.org/@ibm/plex/-/plex-6.0.2.tgz",
			"integrity": "sha512-0lBo4ju7/6B58cxmACCPVEGt9xjQ8+3lggRrW7pJOWxKAFsQ21whifwES5q3eJ5wDfL3QlsvMF4YXnOQPYaNdQ=="
		}
	},
	"dependencies": {
		"@ibm/plex": {
			"version": "6.0.2",
			"resolved": "https://registry.npmjs.org/@ibm/plex/-/plex-6.0.2.tgz",
			"integrity": "sha512-0lBo4ju7/6B58cxmACCPVEGt9xjQ8+3lggRrW7pJOWxKAFsQ21whifwES5q3eJ5wDfL3QlsvMF4YXnOQPYaNdQ=="
		}
	}
}
